{
  "version": 4,
  "terraform_version": "1.8.4",
  "serial": 28,
  "lineage": "1c574f22-f666-7b40-a165-4bc97836185c",
  "outputs": {},
  "resources": [
    {
      "mode": "managed",
      "type": "local_file",
      "name": "my_pet",
      "provider": "provider[\"registry.terraform.io/hashicorp/local\"]",
      "instances": [
        {
          "schema_version": 0,
          "attributes": {
            "content": "I love Apple",
            "content_base64": null,
            "content_base64sha256": "EKKllzoiw5Yn6PKjoA7gUSQrp9hwWHRqWbjszBpinxA=",
            "content_base64sha512": "GJBi1hLvme81yWevR53yKmypV1OBmHLdDTqQiKTIVvah5+XJh3hRGGHqq1tyKYsSb+fDDmT+nQhgLHek9od8Gg==",
            "content_md5": "263e75dde703d827cad386863bc00456",
            "content_sha1": "18ad3bbc4cae09d14b1b7479a68df6e3e13b408c",
            "content_sha256": "10a2a5973a22c39627e8f2a3a00ee051242ba7d87058746a59b8eccc1a629f10",
            "content_sha512": "189062d612ef99ef35c967af479df22a6ca95753819872dd0d3a9088a4c856f6a1e7e5c98778511861eaab5b72298b126fe7c30e64fe9d08602c77a4f6877c1a",
            "directory_permission": "0777",
            "file_permission": "0777",
            "filename": "pets.txt",
            "id": "18ad3bbc4cae09d14b1b7479a68df6e3e13b408c",
            "sensitive_content": null,
            "source": null
          },
          "sensitive_attributes": [
            [
              {
                "type": "get_attr",
                "value": "sensitive_content"
              }
            ]
          ]
        }
      ]
    },
    {
      "mode": "managed",
      "type": "random_pet",
      "name": "petname",
      "provider": "provider[\"registry.terraform.io/hashicorp/random\"]",
      "instances": [
        {
          "schema_version": 0,
          "attributes": {
            "id": "MR.awaited.tarpon",
            "keepers": null,
            "length": 2,
            "prefix": "MR",
            "separator": "."
          },
          "sensitive_attributes": []
        }
      ]
    }
  ],
  "check_results": null
}
